
Microsoft Visual Studio Solution File, Format Version 12.00
# Visual Studio 15
VisualStudioVersion = 15.0.28010.2036
MinimumVisualStudioVersion = 10.0.40219.1
Project("{9A19103F-16F7-4668-BE54-9A1E7A4F7556}") = "PraiseProvisions", "PraiseProvisions\PraiseProvisions.csproj", "{088B5871-9929-4CCF-B508-2457C3A0823F}"
EndProject
Project("{FAE04EC0-301F-11D3-BF4B-00C04F79EFBC}") = "PraiseProvisionsTest", "PraiseProvisionsTest\PraiseProvisionsTest.csproj", "{10B80E9A-A5C5-4C6D-8F73-BA4E0607E5CA}"
EndProject
Global
	GlobalSection(SolutionConfigurationPlatforms) = preSolution
		Debug|Any CPU = Debug|Any CPU
		Release|Any CPU = Release|Any CPU
	EndGlobalSection
	GlobalSection(ProjectConfigurationPlatforms) = postSolution
		{088B5871-9929-4CCF-B508-2457C3A0823F}.Debug|Any CPU.ActiveCfg = Debug|Any CPU
		{088B5871-9929-4CCF-B508-2457C3A0823F}.Debug|Any CPU.Build.0 = Debug|Any CPU
		{088B5871-9929-4CCF-B508-2457C3A0823F}.Release|Any CPU.ActiveCfg = Release|Any CPU
		{088B5871-9929-4CCF-B508-2457C3A0823F}.Release|Any CPU.Build.0 = Release|Any CPU
		{10B80E9A-A5C5-4C6D-8F73-BA4E0607E5CA}.Debug|Any CPU.ActiveCfg = Debug|Any CPU
		{10B80E9A-A5C5-4C6D-8F73-BA4E0607E5CA}.Debug|Any CPU.Build.0 = Debug|Any CPU
		{10B80E9A-A5C5-4C6D-8F73-BA4E0607E5CA}.Release|Any CPU.ActiveCfg = Release|Any CPU
		{10B80E9A-A5C5-4C6D-8F73-BA4E0607E5CA}.Release|Any CPU.Build.0 = Release|Any CPU
	EndGlobalSection
	GlobalSection(SolutionProperties) = preSolution
		HideSolutionNode = FALSE
	EndGlobalSection
	GlobalSection(ExtensibilityGlobals) = postSolution
		SolutionGuid = {318C89D5-60FC-44DB-A25D-B0804A04FE21}
	EndGlobalSection
EndGlobal
